// !$*UTF8*$!
{
	archiveVersion = 1;
	classes = {
	};
	objectVersion = 50;
	objects = {

/* Begin PBXBuildFile section */
		04632C5E215BA35800C72A0A /* AppDelegate.swift in Sources */ = {isa = PBXBuildFile; fileRef = 04632C5D215BA35800C72A0A /* AppDelegate.swift */; };
		04632C60215BA35800C72A0A /* ViewController.swift in Sources */ = {isa = PBXBuildFile; fileRef = 04632C5F215BA35800C72A0A /* ViewController.swift */; };
		04632C63215BA35800C72A0A /* Main.storyboard in Resources */ = {isa = PBXBuildFile; fileRef = 04632C61215BA35800C72A0A /* Main.storyboard */; };
		04632C66215BA35800C72A0A /* josnparsing.xcdatamodeld in Sources */ = {isa = PBXBuildFile; fileRef = 04632C64215BA35800C72A0A /* josnparsing.xcdatamodeld */; };
		04632C68215BA35A00C72A0A /* Assets.xcassets in Resources */ = {isa = PBXBuildFile; fileRef = 04632C67215BA35A00C72A0A /* Assets.xcassets */; };
		04632C6B215BA35A00C72A0A /* LaunchScreen.storyboard in Resources */ = {isa = PBXBuildFile; fileRef = 04632C69215BA35A00C72A0A /* LaunchScreen.storyboard */; };
/* End PBXBuildFile section */

/* Begin PBXFileReference section */
		04632C5A215BA35800C72A0A /* josnparsing.app */ = {isa = PBXFileReference; explicitFileType = wrapper.application; includeInIndex = 0; path = josnparsing.app; sourceTree = BUILT_PRODUCTS_DIR; };
		04632C5D215BA35800C72A0A /* AppDelegate.swift */ = {isa = PBXFileReference; lastKnownFileType = sourcecode.swift; path = AppDelegate.swift; sourceTree = "<group>"; };
		04632C5F215BA35800C72A0A /* ViewController.swift */ = {isa = PBXFileReference; lastKnownFileType = sourcecode.swift; path = ViewController.swift; sourceTree = "<group>"; };
		04632C62215BA35800C72A0A /* Base */ = {isa = PBXFileReference; lastKnownFileType = file.storyboard; name = Base; path = Base.lproj/Main.storyboard; sourceTree = "<group>"; };
		04632C65215BA35800C72A0A /* josnparsing.xcdatamodel */ = {isa = PBXFileReference; lastKnownFileType = wrapper.xcdatamodel; path = josnparsing.xcdatamodel; sourceTree = "<group>"; };
		04632C67215BA35A00C72A0A /* Assets.xcassets */ = {isa = PBXFileReference; lastKnownFileType = folder.assetcatalog; path = Assets.xcassets; sourceTree = "<group>"; };
		04632C6A215BA35A00C72A0A /* Base */ = {isa = PBXFileReference; lastKnownFileType = file.storyboard; name = Base; path = Base.lproj/LaunchScreen.storyboard; sourceTree = "<group>"; };
		04632C6C215BA35A00C72A0A /* Info.plist */ = {isa = PBXFileReference; lastKnownFileType = text.plist.xml; path = Info.plist; sourceTree = "<group>"; };
/* End PBXFileReference section */

/* Begin PBXFrameworksBuildPhase section */
		04632C57215BA35800C72A0A /* Frameworks */ = {
			isa = PBXFrameworksBuildPhase;
			buildActionMask = 2147483647;
			files = (
			);
			runOnlyForDeploymentPostprocessing = 0;
		};
/* End PBXFrameworksBuildPhase section */

/* Begin PBXGroup section */
		04632C51215BA35800C72A0A = {
			isa = PBXGroup;
			children = (
				04632C5C215BA35800C72A0A /* josnparsing */,
				04632C5B215BA35800C72A0A /* Products */,
			);
			sourceTree = "<group>";
		};
		04632C5B215BA35800C72A0A /* Products */ = {
			isa = PBXGroup;
			children = (
				04632C5A215BA35800C72A0A /* josnparsing.app */,
			);
			name = Products;
			sourceTree = "<group>";
		};
		04632C5C215BA35800C72A0A /* josnparsing */ = {
			isa = PBXGroup;
			children = (
				04632C5D215BA35800C72A0A /* AppDelegate.swift */,
				04632C5F215BA35800C72A0A /* ViewController.swift */,
				04632C61215BA35800C72A0A /* Main.storyboard */,
				04632C67215BA35A00C72A0A /* Assets.xcassets */,
				04632C69215BA35A00C72A0A /* LaunchScreen.storyboard */,
				04632C6C215BA35A00C72A0A /* Info.plist */,
				04632C64215BA35800C72A0A /* josnparsing.xcdatamodeld */,
			);
			path = josnparsing;
			sourceTree = "<group>";
		};
/* End PBXGroup section */

/* Begin PBXNativeTarget section */
		04632C59215BA35800C72A0A /* josnparsing */ = {
			isa = PBXNativeTarget;
			buildConfigurationList = 04632C6F215BA35A00C72A0A /* Build configuration list for PBXNativeTarget "josnparsing" */;
			buildPhases = (
				04632C56215BA35800C72A0A /* Sources */,
				04632C57215BA35800C72A0A /* Frameworks */,
				04632C58215BA35800C72A0A /* Resources */,
			);
			buildRules = (
			);
			dependencies = (
			);
			name = josnparsing;
			productName = josnparsing;
			productReference = 04632C5A215BA35800C72A0A /* josnparsing.app */;
			productType = "com.apple.product-type.application";
		};
/* End PBXNativeTarget section */

/* Begin PBXProject section */
		04632C52215BA35800C72A0A /* Project object */ = {
			isa = PBXProject;
			attributes = {
				LastSwiftUpdateCheck = 0940;
				LastUpgradeCheck = 0940;
				ORGANIZATIONNAME = jeky;
				TargetAttributes = {
					04632C59215BA35800C72A0A = {
						CreatedOnToolsVersion = 9.4.1;
					};
				};
			};
			buildConfigurationList = 04632C55215BA35800C72A0A /* Build configuration list for PBXProject "josnparsing" */;
			compatibilityVersion = "Xcode 9.3";
			developmentRegion = en;
			hasScannedForEncodings = 0;
			knownRegions = (
				en,
				Base,
			);
			mainGroup = 04632C51215BA35800C72A0A;
			productRefGroup = 04632C5B215BA35800C72A0A /* Products */;
			projectDirPath = "";
			projectRoot = "";
			targets = (
				04632C59215BA35800C72A0A /* josnparsing */,
			);
		};
/* End PBXProject section */

/* Begin PBXResourcesBuildPhase section */
		04632C58215BA35800C72A0A /* Resources */ = {
			isa = PBXResourcesBuildPhase;
			buildActionMask = 2147483647;
			files = (
				04632C6B215BA35A00C72A0A /* LaunchScreen.storyboard in Resources */,
				04632C68215BA35A00C72A0A /* Assets.xcassets in Resources */,
				04632C63215BA35800C72A0A /* Main.storyboard in Resources */,
			);
			runOnlyForDeploymentPostprocessing = 0;
		};
/* End PBXResourcesBuildPhase section */

/* Begin PBXSourcesBuildPhase section */
		04632C56215BA35800C72A0A /* Sources */ = {
			isa = PBXSourcesBuildPhase;
			buildActionMask = 2147483647;
			files = (
				04632C60215BA35800C72A0A /* ViewController.swift in Sources */,
				04632C66215BA35800C72A0A /* josnparsing.xcdatamodeld in Sources */,
				04632C5E215BA35800C72A0A /* AppDelegate.swift in Sources */,
			);
			runOnlyForDeploymentPostprocessing = 0;
		};
/* End PBXSourcesBuildPhase section */

/* Begin PBXVariantGroup section */
		04632C61215BA35800C72A0A /* Main.storyboard */ = {
			isa = PBXVariantGroup;
			children = (
				04632C62215BA35800C72A0A /* Base */,
			);
			name = Main.storyboard;
			sourceTree = "<group>";
		};
		04632C69215BA35A00C72A0A /* LaunchScreen.storyboard */ = {
			isa = PBXVariantGroup;
			children = (
				04632C6A215BA35A00C72A0A /* Base */,
			);
			name = LaunchScreen.storyboard;
			sourceTree = "<group>";
		};
/* End PBXVariantGroup section */

/* Begin XCBuildConfiguration section */
		04632C6D215BA35A00C72A0A /* Debug */ = {
			isa = XCBuildConfiguration;
			buildSettings = {
				ALWAYS_SEARCH_USER_PATHS = NO;
				CLANG_ANALYZER_NONNULL = YES;
				CLANG_ANALYZER_NUMBER_OBJECT_CONVERSION = YES_AGGRESSIVE;
				CLANG_CXX_LANGUAGE_STANDARD = "gnu++14";
				CLANG_CXX_LIBRARY = "libc++";
				CLANG_ENABLE_MODULES = YES;
				CLANG_ENABLE_OBJC_ARC = YES;
				CLANG_ENABLE_OBJC_WEAK = YES;
				CLANG_WARN_BLOCK_CAPTURE_AUTORELEASING = YES;
				CLANG_WARN_BOOL_CONVERSION = YES;
				CLANG_WARN_COMMA = YES;
				CLANG_WARN_CONSTANT_CONVERSION = YES;
				CLANG_WARN_DEPRECATED_OBJC_IMPLEMENTATIONS = YES;
				CLANG_WARN_DIRECT_OBJC_ISA_USAGE = YES_ERROR;
				CLANG_WARN_DOCUMENTATION_COMMENTS = YES;
				CLANG_WARN_EMPTY_BODY = YES;
				CLANG_WARN_ENUM_CONVERSION = YES;
				CLANG_WARN_INFINITE_RECURSION = YES;
				CLANG_WARN_INT_CONVERSION = YES;
				CLANG_WARN_NON_LITERAL_NULL_CONVERSION = YES;
				CLANG_WARN_OBJC_IMPLICIT_RETAIN_SELF = YES;
				CLANG_WARN_OBJC_LITERAL_CONVERSION = YES;
				CLANG_WARN_OBJC_ROOT_CLASS = YES_ERROR;
				CLANG_WARN_RANGE_LOOP_ANALYSIS = YES;
				CLANG_WARN_STRICT_PROTOTYPES = YES;
				CLANG_WARN_SUSPICIOUS_MOVE = YES;
				CLANG_WARN_UNGUARDED_AVAILABILITY = YES_AGGRESSIVE;
				CLANG_WARN_UNREACHABLE_CODE = YES;
				CLANG_WARN__DUPLICATE_METHOD_MATCH = YES;
				CODE_SIGN_IDENTITY = "iPhone Developer";
				COPY_PHASE_STRIP = NO;
				DEBUG_INFORMATION_FORMAT = dwarf;
				ENABLE_STRICT_OBJC_MSGSEND = YES;
				ENABLE_TESTABILITY = YES;
				GCC_C_LANGUAGE_STANDARD = gnu11;
				GCC_DYNAMIC_NO_PIC = NO;
				GCC_NO_COMMON_BLOCKS = YES;
				GCC_OPTIMIZATION_LEVEL = 0;
				GCC_PREPROCESSOR_DEFINITIONS = (
					"DEBUG=1",
					"$(inherited)",
				);
				GCC_WARN_64_TO_32_BIT_CONVERSION = YES;
				GCC_WARN_ABOUT_RETURN_TYPE = YES_ERROR;
				GCC_WARN_UNDECLARED_SELECTOR = YES;
				GCC_WARN_UNINITIALIZED_AUTOS = YES_AGGRESSIVE;
				GCC_WARN_UNUSED_FUNCTION = YES;
				GCC_WARN_UNUSED_VARIABLE = YES;
				IPHONEOS_DEPLOYMENT_TARGET = 11.4;
				MTL_ENABLE_DEBUG_INFO = YES;
				ONLY_ACTIVE_ARCH = YES;
				SDKROOT = iphoneos;
				SWIFT_ACTIVE_COMPILATION_CONDITIONS = DEBUG;
				SWIFT_OPTIMIZATION_LEVEL = "-Onone";
			};
			name = Debug;
		};
		04632C6E215BA35A00C72A0A /* Release */ = {
			isa = XCBuildConfiguration;
			buildSettings = {
				ALWAYS_SEARCH_USER_PATHS = NO;
				CLANG_ANALYZER_NONNULL = YES;
				CLANG_ANALYZER_NUMBER_OBJECT_CONVERSION = YES_AGGRESSIVE;
				CLANG_CXX_LANGUAGE_STANDARD = "gnu++14";
				CLANG_CXX_LIBRARY = "libc++";
				CLANG_ENABLE_MODULES = YES;
				CLANG_ENABLE_OBJC_ARC = YES;
				CLANG_ENABLE_OBJC_WEAK = YES;
				CLANG_WARN_BLOCK_CAPTURE_AUTORELEASING = YES;
				CLANG_WARN_BOOL_CONVERSION = YES;
				CLANG_WARN_COMMA = YES;
				CLANG_WARN_CONSTANT_CONVERSION = YES;
				CLANG_WARN_DEPRECATED_OBJC_IMPLEMENTATIONS = YES;
				CLANG_WARN_DIRECT_OBJC_ISA_USAGE = YES_ERROR;
				CLANG_WARN_DOCUMENTATION_COMMENTS = YES;
				CLANG_WARN_EMPTY_BODY = YES;
				CLANG_WARN_ENUM_CONVERSION = YES;
				CLANG_WARN_INFINITE_RECURSION = YES;
				CLANG_WARN_INT_CONVERSION = YES;
				CLANG_WARN_NON_LITERAL_NULL_CONVERSION = YES;
				CLANG_WARN_OBJC_IMPLICIT_RETAIN_SELF = YES;
				CLANG_WARN_OBJC_LITERAL_CONVERSION = YES;
				CLANG_WARN_OBJC_ROOT_CLASS = YES_ERROR;
				CLANG_WARN_RANGE_LOOP_ANALYSIS = YES;
				CLANG_WARN_STRICT_PROTOTYPES = YES;
				CLANG_WARN_SUSPICIOUS_MOVE = YES;
				CLANG_WARN_UNGUARDED_AVAILABILITY = YES_AGGRESSIVE;
				CLANG_WARN_UNREACHABLE_CODE = YES;
				CLANG_WARN__DUPLICATE_METHOD_MATCH = YES;
				CODE_SIGN_IDENTITY = "iPhone Developer";
				COPY_PHASE_STRIP = NO;
				DEBUG_INFORMATION_FORMAT = "dwarf-with-dsym";
				ENABLE_NS_ASSERTIONS = NO;
				ENABLE_STRICT_OBJC_MSGSEND = YES;
				GCC_C_LANGUAGE_STANDARD = gnu11;
				GCC_NO_COMMON_BLOCKS = YES;
				GCC_WARN_64_TO_32_BIT_CONVERSION = YES;
				GCC_WARN_ABOUT_RETURN_TYPE = YES_ERROR;
				GCC_WARN_UNDECLARED_SELECTOR = YES;
				GCC_WARN_UNINITIALIZED_AUTOS = YES_AGGRESSIVE;
				GCC_WARN_UNUSED_FUNCTION = YES;
				GCC_WARN_UNUSED_VARIABLE = YES;
				IPHONEOS_DEPLOYMENT_TARGET = 11.4;
				MTL_ENABLE_DEBUG_INFO = NO;
				SDKROOT = iphoneos;
				SWIFT_COMPILATION_MODE = wholemodule;
				SWIFT_OPTIMIZATION_LEVEL = "-O";
				VALIDATE_PRODUCT = YES;
			};
			name = Release;
		};
		04632C70215BA35A00C72A0A /* Debug */ = {
			isa = XCBuildConfiguration;
			buildSettings = {
				ASSETCATALOG_COMPILER_APPICON_NAME = AppIcon;
				CODE_SIGN_STYLE = Automatic;
				INFOPLIST_FILE = josnparsing/Info.plist;
				LD_RUNPATH_SEARCH_PATHS = (
					"$(inherited)",
					"@executable_path/Frameworks",
				);
				PRODUCT_BUNDLE_IDENTIFIER = "-23.josnparsing";
				PRODUCT_NAME = "$(TARGET_NAME)";
				SWIFT_VERSION = 4.0;
				TARGETED_DEVICE_FAMILY = "1,2";
			};
			name = Debug;
		};
		04632C71215BA35A00C72A0A /* Release */ = {
			isa = XCBuildConfiguration;
			buildSettings = {
				ASSETCATALOG_COMPILER_APPICON_NAME = AppIcon;
				CODE_SIGN_STYLE = Automatic;
				INFOPLIST_FILE = josnparsing/Info.plist;
				LD_RUNPATH_SEARCH_PATHS = (
					"$(inherited)",
					"@executable_path/Frameworks",
				);
				PRODUCT_BUNDLE_IDENTIFIER = "-23.josnparsing";
				PRODUCT_NAME = "$(TARGET_NAME)";
				SWIFT_VERSION = 4.0;
				TARGETED_DEVICE_FAMILY = "1,2";
			};
			name = Release;
		};
/* End XCBuildConfiguration section */

/* Begin XCConfigurationList section */
		04632C55215BA35800C72A0A /* Build configuration list for PBXProject "josnparsing" */ = {
			isa = XCConfigurationList;
			buildConfigurations = (
				04632C6D215BA35A00C72A0A /* Debug */,
				04632C6E215BA35A00C72A0A /* Release */,
			);
			defaultConfigurationIsVisible = 0;
			defaultConfigurationName = Release;
		};
		04632C6F215BA35A00C72A0A /* Build configuration list for PBXNativeTarget "josnparsing" */ = {
			isa = XCConfigurationList;
			buildConfigurations = (
				04632C70215BA35A00C72A0A /* Debug */,
				04632C71215BA35A00C72A0A /* Release */,
			);
			defaultConfigurationIsVisible = 0;
			defaultConfigurationName = Release;
		};
/* End XCConfigurationList section */

/* Begin XCVersionGroup section */
		04632C64215BA35800C72A0A /* josnparsing.xcdatamodeld */ = {
			isa = XCVersionGroup;
			children = (
				04632C65215BA35800C72A0A /* josnparsing.xcdatamodel */,
			);
			currentVersion = 04632C65215BA35800C72A0A /* josnparsing.xcdatamodel */;
			path = josnparsing.xcdatamodeld;
			sourceTree = "<group>";
			versionGroupType = wrapper.xcdatamodel;
		};
/* End XCVersionGroup section */
	};
	rootObject = 04632C52215BA35800C72A0A /* Project object */;
}
